
Microsoft Visual Studio Solution File, Format Version 12.00
# Visual Studio Version 17
VisualStudioVersion = 17.14.36221.1 d17.14
MinimumVisualStudioVersion = 10.0.40219.1
Project("{FAE04EC0-301F-11D3-BF4B-00C04F79EFBC}") = "EntityFrameworkDemo.NetCore", "EntityFrameworkDemo.NetCore\EntityFrameworkDemo.NetCore.csproj", "{253F3D7A-3C09-4145-9CC5-D75AAC01BAC2}"
EndProject
Project("{FAE04EC0-301F-11D3-BF4B-00C04F79EFBC}") = "EntityFrameworkDemo.NetFramework", "EntityFrameworkDemo.NetFramework\EntityFrameworkDemo.NetFramework.csproj", "{0CDF4C1F-5914-4751-9BAA-3E3EA0F8A2CC}"
EndProject
Global
	GlobalSection(SolutionConfigurationPlatforms) = preSolution
		Debug|Any CPU = Debug|Any CPU
		Release|Any CPU = Release|Any CPU
	EndGlobalSection
	GlobalSection(ProjectConfigurationPlatforms) = postSolution
		{253F3D7A-3C09-4145-9CC5-D75AAC01BAC2}.Debug|Any CPU.ActiveCfg = Debug|Any CPU
		{253F3D7A-3C09-4145-9CC5-D75AAC01BAC2}.Debug|Any CPU.Build.0 = Debug|Any CPU
		{253F3D7A-3C09-4145-9CC5-D75AAC01BAC2}.Release|Any CPU.ActiveCfg = Release|Any CPU
		{253F3D7A-3C09-4145-9CC5-D75AAC01BAC2}.Release|Any CPU.Build.0 = Release|Any CPU
		{0CDF4C1F-5914-4751-9BAA-3E3EA0F8A2CC}.Debug|Any CPU.ActiveCfg = Debug|Any CPU
		{0CDF4C1F-5914-4751-9BAA-3E3EA0F8A2CC}.Debug|Any CPU.Build.0 = Debug|Any CPU
		{0CDF4C1F-5914-4751-9BAA-3E3EA0F8A2CC}.Release|Any CPU.ActiveCfg = Release|Any CPU
		{0CDF4C1F-5914-4751-9BAA-3E3EA0F8A2CC}.Release|Any CPU.Build.0 = Release|Any CPU
	EndGlobalSection
	GlobalSection(SolutionProperties) = preSolution
		HideSolutionNode = FALSE
	EndGlobalSection
	GlobalSection(ExtensibilityGlobals) = postSolution
		SolutionGuid = {2694FED8-77ED-44D5-978B-6A0BBE35B311}
	EndGlobalSection
EndGlobal
